{
  "lockfileVersion": 1,
  "dependencies": {
    "ndjson-parse": {
      "version": "1.0.4",
      "resolved": "https://registry.npmjs.org/ndjson-parse/-/ndjson-parse-1.0.4.tgz",
      "integrity": "sha512-xwglvz2dMbxvX4NAVKnww8xEJ4kp4+CKVseQQdtkA79yI3abPqyBYqk6A6HvNci5oS0cUsSHheMEV1c+9MWlEw=="
    }
  }
}
